
Microsoft Visual Studio Solution File, Format Version 12.00
# Visual Studio Version 16
VisualStudioVersion = 16.0.31702.278
MinimumVisualStudioVersion = 10.0.40219.1
Project("{FAE04EC0-301F-11D3-BF4B-00C04F79EFBC}") = "Lab_3", "WindowsFormsApp1\Lab_3.csproj", "{DE8FC991-999F-4FA5-B399-78DBFE8D7505}"
EndProject
Project("{FAE04EC0-301F-11D3-BF4B-00C04F79EFBC}") = "UnitTestProject1", "UnitTestProject1\UnitTestProject1.csproj", "{33848A5B-F226-4580-A3F3-AB8C81EA93DB}"
EndProject
Global
	GlobalSection(SolutionConfigurationPlatforms) = preSolution
		Debug|Any CPU = Debug|Any CPU
		Release|Any CPU = Release|Any CPU
	EndGlobalSection
	GlobalSection(ProjectConfigurationPlatforms) = postSolution
		{DE8FC991-999F-4FA5-B399-78DBFE8D7505}.Debug|Any CPU.ActiveCfg = Debug|Any CPU
		{DE8FC991-999F-4FA5-B399-78DBFE8D7505}.Debug|Any CPU.Build.0 = Debug|Any CPU
		{DE8FC991-999F-4FA5-B399-78DBFE8D7505}.Release|Any CPU.ActiveCfg = Release|Any CPU
		{DE8FC991-999F-4FA5-B399-78DBFE8D7505}.Release|Any CPU.Build.0 = Release|Any CPU
		{33848A5B-F226-4580-A3F3-AB8C81EA93DB}.Debug|Any CPU.ActiveCfg = Debug|Any CPU
		{33848A5B-F226-4580-A3F3-AB8C81EA93DB}.Debug|Any CPU.Build.0 = Debug|Any CPU
		{33848A5B-F226-4580-A3F3-AB8C81EA93DB}.Release|Any CPU.ActiveCfg = Release|Any CPU
		{33848A5B-F226-4580-A3F3-AB8C81EA93DB}.Release|Any CPU.Build.0 = Release|Any CPU
	EndGlobalSection
	GlobalSection(SolutionProperties) = preSolution
		HideSolutionNode = FALSE
	EndGlobalSection
	GlobalSection(ExtensibilityGlobals) = postSolution
		SolutionGuid = {79CF5F8E-E049-4E6C-A67F-4EB9F646E621}
	EndGlobalSection
EndGlobal
